
Microsoft Visual Studio Solution File, Format Version 12.00
# Visual Studio Version 17
VisualStudioVersion = 17.5.33516.290
MinimumVisualStudioVersion = 10.0.40219.1
Project("{FAE04EC0-301F-11D3-BF4B-00C04F79EFBC}") = "FinalProject2.Server", "FinalProject2\FinalProject2.Server.csproj", "{0547CC9F-69CB-495A-AF2C-FD6D97223A0B}"
EndProject
Project("{FAE04EC0-301F-11D3-BF4B-00C04F79EFBC}") = "FinalProject.DataAccess", "FinalProject.DataAccess\FinalProject.DataAccess.csproj", "{5DC172E3-FB74-45AA-A2A7-EC0F5153D1CD}"
EndProject
Project("{FAE04EC0-301F-11D3-BF4B-00C04F79EFBC}") = "FinalProject.Models", "FinalProject.Models\FinalProject.Models.csproj", "{0EDAAB1D-3C41-47EB-9804-4C056E7BAAA0}"
EndProject
Project("{FAE04EC0-301F-11D3-BF4B-00C04F79EFBC}") = "FinalProject.Client", "FinalProject.Client\FinalProject.Client.csproj", "{4CBB802C-C614-4C80-A3BF-AF74DAED83D8}"
EndProject
Project("{FAE04EC0-301F-11D3-BF4B-00C04F79EFBC}") = "FinalProject.Simulator", "FinalProject.Simulator\FinalProject.Simulator.csproj", "{89C6B479-7522-4EE4-9950-B244B2FFACD1}"
EndProject
Global
	GlobalSection(SolutionConfigurationPlatforms) = preSolution
		Debug|Any CPU = Debug|Any CPU
		Release|Any CPU = Release|Any CPU
	EndGlobalSection
	GlobalSection(ProjectConfigurationPlatforms) = postSolution
		{0547CC9F-69CB-495A-AF2C-FD6D97223A0B}.Debug|Any CPU.ActiveCfg = Debug|Any CPU
		{0547CC9F-69CB-495A-AF2C-FD6D97223A0B}.Debug|Any CPU.Build.0 = Debug|Any CPU
		{0547CC9F-69CB-495A-AF2C-FD6D97223A0B}.Release|Any CPU.ActiveCfg = Release|Any CPU
		{0547CC9F-69CB-495A-AF2C-FD6D97223A0B}.Release|Any CPU.Build.0 = Release|Any CPU
		{5DC172E3-FB74-45AA-A2A7-EC0F5153D1CD}.Debug|Any CPU.ActiveCfg = Debug|Any CPU
		{5DC172E3-FB74-45AA-A2A7-EC0F5153D1CD}.Debug|Any CPU.Build.0 = Debug|Any CPU
		{5DC172E3-FB74-45AA-A2A7-EC0F5153D1CD}.Release|Any CPU.ActiveCfg = Release|Any CPU
		{5DC172E3-FB74-45AA-A2A7-EC0F5153D1CD}.Release|Any CPU.Build.0 = Release|Any CPU
		{0EDAAB1D-3C41-47EB-9804-4C056E7BAAA0}.Debug|Any CPU.ActiveCfg = Debug|Any CPU
		{0EDAAB1D-3C41-47EB-9804-4C056E7BAAA0}.Debug|Any CPU.Build.0 = Debug|Any CPU
		{0EDAAB1D-3C41-47EB-9804-4C056E7BAAA0}.Release|Any CPU.ActiveCfg = Release|Any CPU
		{0EDAAB1D-3C41-47EB-9804-4C056E7BAAA0}.Release|Any CPU.Build.0 = Release|Any CPU
		{4CBB802C-C614-4C80-A3BF-AF74DAED83D8}.Debug|Any CPU.ActiveCfg = Debug|Any CPU
		{4CBB802C-C614-4C80-A3BF-AF74DAED83D8}.Debug|Any CPU.Build.0 = Debug|Any CPU
		{4CBB802C-C614-4C80-A3BF-AF74DAED83D8}.Release|Any CPU.ActiveCfg = Release|Any CPU
		{4CBB802C-C614-4C80-A3BF-AF74DAED83D8}.Release|Any CPU.Build.0 = Release|Any CPU
		{89C6B479-7522-4EE4-9950-B244B2FFACD1}.Debug|Any CPU.ActiveCfg = Debug|Any CPU
		{89C6B479-7522-4EE4-9950-B244B2FFACD1}.Debug|Any CPU.Build.0 = Debug|Any CPU
		{89C6B479-7522-4EE4-9950-B244B2FFACD1}.Release|Any CPU.ActiveCfg = Release|Any CPU
		{89C6B479-7522-4EE4-9950-B244B2FFACD1}.Release|Any CPU.Build.0 = Release|Any CPU
	EndGlobalSection
	GlobalSection(SolutionProperties) = preSolution
		HideSolutionNode = FALSE
	EndGlobalSection
	GlobalSection(ExtensibilityGlobals) = postSolution
		SolutionGuid = {3D83F08E-46F2-4A1C-8C91-8E91709382F9}
	EndGlobalSection
EndGlobal
